
Microsoft Visual Studio Solution File, Format Version 12.00
# Visual Studio Version 18
VisualStudioVersion = 18.2.11415.280 d18.0
MinimumVisualStudioVersion = 10.0.40219.1
Project("{FAE04EC0-301F-11D3-BF4B-00C04F79EFBC}") = "UmbracoContentActivitySite", "UmbracoContentActivitySite\UmbracoContentActivitySite.csproj", "{59F114BB-A769-11FB-3C76-628FB2CBB3DC}"
EndProject
Project("{FAE04EC0-301F-11D3-BF4B-00C04F79EFBC}") = "UmbracoContentActivity", "UmbracoContentActivity\UmbracoContentActivity.csproj", "{EA99D863-0A18-5F58-2D1B-93A9F6EDD6A8}"
EndProject
Global
	GlobalSection(SolutionConfigurationPlatforms) = preSolution
		Debug|Any CPU = Debug|Any CPU
		Release|Any CPU = Release|Any CPU
	EndGlobalSection
	GlobalSection(ProjectConfigurationPlatforms) = postSolution
		{59F114BB-A769-11FB-3C76-628FB2CBB3DC}.Debug|Any CPU.ActiveCfg = Debug|Any CPU
		{59F114BB-A769-11FB-3C76-628FB2CBB3DC}.Debug|Any CPU.Build.0 = Debug|Any CPU
		{59F114BB-A769-11FB-3C76-628FB2CBB3DC}.Release|Any CPU.ActiveCfg = Release|Any CPU
		{59F114BB-A769-11FB-3C76-628FB2CBB3DC}.Release|Any CPU.Build.0 = Release|Any CPU
		{EA99D863-0A18-5F58-2D1B-93A9F6EDD6A8}.Debug|Any CPU.ActiveCfg = Debug|Any CPU
		{EA99D863-0A18-5F58-2D1B-93A9F6EDD6A8}.Debug|Any CPU.Build.0 = Debug|Any CPU
		{EA99D863-0A18-5F58-2D1B-93A9F6EDD6A8}.Release|Any CPU.ActiveCfg = Release|Any CPU
		{EA99D863-0A18-5F58-2D1B-93A9F6EDD6A8}.Release|Any CPU.Build.0 = Release|Any CPU
	EndGlobalSection
	GlobalSection(SolutionProperties) = preSolution
		HideSolutionNode = FALSE
	EndGlobalSection
	GlobalSection(ExtensibilityGlobals) = postSolution
		SolutionGuid = {4D37568C-50DE-474B-A0C1-ECEFB18B98DC}
	EndGlobalSection
EndGlobal
